
Microsoft Visual Studio Solution File, Format Version 12.00
# Visual Studio Version 16
VisualStudioVersion = 16.0.30204.135
MinimumVisualStudioVersion = 10.0.40219.1
Project("{9A19103F-16F7-4668-BE54-9A1E7A4F7556}") = "Kodeskolen", "Kodeskolen\Kodeskolen.csproj", "{81FEFFFB-3CA9-4DC0-83D3-6514F086831E}"
EndProject
Project("{FAE04EC0-301F-11D3-BF4B-00C04F79EFBC}") = "NullableReferencetypes", "NullableReferencetypes\NullableReferencetypes.csproj", "{38AFC5E7-FF9D-441A-AC07-E0476AF7CEE2}"
EndProject
Global
	GlobalSection(SolutionConfigurationPlatforms) = preSolution
		Debug|Any CPU = Debug|Any CPU
		Release|Any CPU = Release|Any CPU
	EndGlobalSection
	GlobalSection(ProjectConfigurationPlatforms) = postSolution
		{81FEFFFB-3CA9-4DC0-83D3-6514F086831E}.Debug|Any CPU.ActiveCfg = Debug|Any CPU
		{81FEFFFB-3CA9-4DC0-83D3-6514F086831E}.Debug|Any CPU.Build.0 = Debug|Any CPU
		{81FEFFFB-3CA9-4DC0-83D3-6514F086831E}.Release|Any CPU.ActiveCfg = Release|Any CPU
		{81FEFFFB-3CA9-4DC0-83D3-6514F086831E}.Release|Any CPU.Build.0 = Release|Any CPU
		{38AFC5E7-FF9D-441A-AC07-E0476AF7CEE2}.Debug|Any CPU.ActiveCfg = Debug|Any CPU
		{38AFC5E7-FF9D-441A-AC07-E0476AF7CEE2}.Debug|Any CPU.Build.0 = Debug|Any CPU
		{38AFC5E7-FF9D-441A-AC07-E0476AF7CEE2}.Release|Any CPU.ActiveCfg = Release|Any CPU
		{38AFC5E7-FF9D-441A-AC07-E0476AF7CEE2}.Release|Any CPU.Build.0 = Release|Any CPU
	EndGlobalSection
	GlobalSection(SolutionProperties) = preSolution
		HideSolutionNode = FALSE
	EndGlobalSection
	GlobalSection(ExtensibilityGlobals) = postSolution
		SolutionGuid = {7840F8D5-86B4-41A1-9AAF-C313A33D15BC}
	EndGlobalSection
EndGlobal
